
Microsoft Visual Studio Solution File, Format Version 10.00
# Visual Studio 2008
Project("{FAE04EC0-301F-11D3-BF4B-00C04F79EFBC}") = "Xlnt.Stuff", "Source\Xlnt.Stuff.csproj", "{A8D3D301-5D52-436E-8CA2-05909D8E1E4A}"
EndProject
Project("{FAE04EC0-301F-11D3-BF4B-00C04F79EFBC}") = "Xlnt.Stuff.Tests", "Tests\Xlnt.Stuff.Tests.csproj", "{1417F1E9-2ED9-471B-8E3D-C45C60A00812}"
EndProject
Global
	GlobalSection(SolutionConfigurationPlatforms) = preSolution
		Debug|Any CPU = Debug|Any CPU
		Release|Any CPU = Release|Any CPU
	EndGlobalSection
	GlobalSection(ProjectConfigurationPlatforms) = postSolution
		{A8D3D301-5D52-436E-8CA2-05909D8E1E4A}.Debug|Any CPU.ActiveCfg = Debug|Any CPU
		{A8D3D301-5D52-436E-8CA2-05909D8E1E4A}.Debug|Any CPU.Build.0 = Debug|Any CPU
		{A8D3D301-5D52-436E-8CA2-05909D8E1E4A}.Release|Any CPU.ActiveCfg = Release|Any CPU
		{A8D3D301-5D52-436E-8CA2-05909D8E1E4A}.Release|Any CPU.Build.0 = Release|Any CPU
		{1417F1E9-2ED9-471B-8E3D-C45C60A00812}.Debug|Any CPU.ActiveCfg = Debug|Any CPU
		{1417F1E9-2ED9-471B-8E3D-C45C60A00812}.Debug|Any CPU.Build.0 = Debug|Any CPU
		{1417F1E9-2ED9-471B-8E3D-C45C60A00812}.Release|Any CPU.ActiveCfg = Release|Any CPU
		{1417F1E9-2ED9-471B-8E3D-C45C60A00812}.Release|Any CPU.Build.0 = Release|Any CPU
	EndGlobalSection
	GlobalSection(SolutionProperties) = preSolution
		HideSolutionNode = FALSE
	EndGlobalSection
EndGlobal
